
Microsoft Visual Studio Solution File, Format Version 12.00
Project("{FAE04EC0-301F-11D3-BF4B-00C04F79EFBC}") = "Printer", "Printer\Printer.csproj", "{15B90225-56EC-4BB2-94AA-3CD5B8CF38FB}"
EndProject
Global
	GlobalSection(SolutionConfigurationPlatforms) = preSolution
		Debug|Any CPU = Debug|Any CPU
		Release|Any CPU = Release|Any CPU
	EndGlobalSection
	GlobalSection(ProjectConfigurationPlatforms) = postSolution
		{15B90225-56EC-4BB2-94AA-3CD5B8CF38FB}.Debug|Any CPU.ActiveCfg = Debug|Any CPU
		{15B90225-56EC-4BB2-94AA-3CD5B8CF38FB}.Debug|Any CPU.Build.0 = Debug|Any CPU
		{15B90225-56EC-4BB2-94AA-3CD5B8CF38FB}.Release|Any CPU.ActiveCfg = Release|Any CPU
		{15B90225-56EC-4BB2-94AA-3CD5B8CF38FB}.Release|Any CPU.Build.0 = Release|Any CPU
	EndGlobalSection
EndGlobal
